
Microsoft Visual Studio Solution File, Format Version 12.00
# Visual Studio Version 17
VisualStudioVersion = 17.12.35707.178 d17.12
MinimumVisualStudioVersion = 10.0.40219.1
Project("{FAE04EC0-301F-11D3-BF4B-00C04F79EFBC}") = "App", "src\App\App\App.csproj", "{1E2F4977-16A6-40BF-8D6F-75B0C6EDC0AF}"
EndProject
Project("{FAE04EC0-301F-11D3-BF4B-00C04F79EFBC}") = "App.Client", "src\App\App.Client\App.Client.csproj", "{FCF2BE62-A6FC-40F4-B5D3-4A42ED2D95EC}"
EndProject
Project("{FAE04EC0-301F-11D3-BF4B-00C04F79EFBC}") = "AppHost", "src\AppHost\AppHost.csproj", "{95416FC3-D372-4106-ADFC-61C26B4A1839}"
EndProject
Project("{FAE04EC0-301F-11D3-BF4B-00C04F79EFBC}") = "ServiceDefaults", "src\ServiceDefaults\ServiceDefaults.csproj", "{DF42E7EF-5D53-4036-9314-3BBEE721D2E4}"
EndProject
Project("{2150E333-8FDC-42A3-9474-1A3956D46DE8}") = "src", "src", "{21A94A82-90F0-433A-9588-345BD4B2B798}"
EndProject
Project("{2150E333-8FDC-42A3-9474-1A3956D46DE8}") = "tests", "tests", "{AC24BEFF-A689-4803-B016-C37633013D89}"
EndProject
Project("{FAE04EC0-301F-11D3-BF4B-00C04F79EFBC}") = "App.Tests", "tests\App.Tests\App.Tests.csproj", "{B989D681-CA97-4E0C-8A05-B03369C02FFB}"
EndProject
Project("{2150E333-8FDC-42A3-9474-1A3956D46DE8}") = "Blog", "Blog", "{205DADD3-1F67-44A9-832E-393E8E3FACDD}"
EndProject
Project("{FAE04EC0-301F-11D3-BF4B-00C04F79EFBC}") = "Blog.DbMigrator", "src\Blog\Blog.DbMigrator\Blog.DbMigrator.csproj", "{68C1F905-7E45-4182-A259-BEB2874407CD}"
EndProject
Project("{FAE04EC0-301F-11D3-BF4B-00C04F79EFBC}") = "Blog.AdminPortal", "src\Blog\Blog.AdminPortal\Blog.AdminPortal.csproj", "{1C3E89BA-88B8-484D-9914-ADE279B2C0BB}"
EndProject
Global
	GlobalSection(SolutionConfigurationPlatforms) = preSolution
		Debug|Any CPU = Debug|Any CPU
		Release|Any CPU = Release|Any CPU
	EndGlobalSection
	GlobalSection(ProjectConfigurationPlatforms) = postSolution
		{1E2F4977-16A6-40BF-8D6F-75B0C6EDC0AF}.Debug|Any CPU.ActiveCfg = Debug|Any CPU
		{1E2F4977-16A6-40BF-8D6F-75B0C6EDC0AF}.Debug|Any CPU.Build.0 = Debug|Any CPU
		{1E2F4977-16A6-40BF-8D6F-75B0C6EDC0AF}.Release|Any CPU.ActiveCfg = Release|Any CPU
		{1E2F4977-16A6-40BF-8D6F-75B0C6EDC0AF}.Release|Any CPU.Build.0 = Release|Any CPU
		{FCF2BE62-A6FC-40F4-B5D3-4A42ED2D95EC}.Debug|Any CPU.ActiveCfg = Debug|Any CPU
		{FCF2BE62-A6FC-40F4-B5D3-4A42ED2D95EC}.Debug|Any CPU.Build.0 = Debug|Any CPU
		{FCF2BE62-A6FC-40F4-B5D3-4A42ED2D95EC}.Release|Any CPU.ActiveCfg = Release|Any CPU
		{FCF2BE62-A6FC-40F4-B5D3-4A42ED2D95EC}.Release|Any CPU.Build.0 = Release|Any CPU
		{95416FC3-D372-4106-ADFC-61C26B4A1839}.Debug|Any CPU.ActiveCfg = Debug|Any CPU
		{95416FC3-D372-4106-ADFC-61C26B4A1839}.Debug|Any CPU.Build.0 = Debug|Any CPU
		{95416FC3-D372-4106-ADFC-61C26B4A1839}.Release|Any CPU.ActiveCfg = Release|Any CPU
		{95416FC3-D372-4106-ADFC-61C26B4A1839}.Release|Any CPU.Build.0 = Release|Any CPU
		{DF42E7EF-5D53-4036-9314-3BBEE721D2E4}.Debug|Any CPU.ActiveCfg = Debug|Any CPU
		{DF42E7EF-5D53-4036-9314-3BBEE721D2E4}.Debug|Any CPU.Build.0 = Debug|Any CPU
		{DF42E7EF-5D53-4036-9314-3BBEE721D2E4}.Release|Any CPU.ActiveCfg = Release|Any CPU
		{DF42E7EF-5D53-4036-9314-3BBEE721D2E4}.Release|Any CPU.Build.0 = Release|Any CPU
		{B989D681-CA97-4E0C-8A05-B03369C02FFB}.Debug|Any CPU.ActiveCfg = Debug|Any CPU
		{B989D681-CA97-4E0C-8A05-B03369C02FFB}.Debug|Any CPU.Build.0 = Debug|Any CPU
		{B989D681-CA97-4E0C-8A05-B03369C02FFB}.Release|Any CPU.ActiveCfg = Release|Any CPU
		{B989D681-CA97-4E0C-8A05-B03369C02FFB}.Release|Any CPU.Build.0 = Release|Any CPU
		{68C1F905-7E45-4182-A259-BEB2874407CD}.Debug|Any CPU.ActiveCfg = Debug|Any CPU
		{68C1F905-7E45-4182-A259-BEB2874407CD}.Debug|Any CPU.Build.0 = Debug|Any CPU
		{68C1F905-7E45-4182-A259-BEB2874407CD}.Release|Any CPU.ActiveCfg = Release|Any CPU
		{68C1F905-7E45-4182-A259-BEB2874407CD}.Release|Any CPU.Build.0 = Release|Any CPU
		{1C3E89BA-88B8-484D-9914-ADE279B2C0BB}.Debug|Any CPU.ActiveCfg = Debug|Any CPU
		{1C3E89BA-88B8-484D-9914-ADE279B2C0BB}.Debug|Any CPU.Build.0 = Debug|Any CPU
		{1C3E89BA-88B8-484D-9914-ADE279B2C0BB}.Release|Any CPU.ActiveCfg = Release|Any CPU
		{1C3E89BA-88B8-484D-9914-ADE279B2C0BB}.Release|Any CPU.Build.0 = Release|Any CPU
	EndGlobalSection
	GlobalSection(SolutionProperties) = preSolution
		HideSolutionNode = FALSE
	EndGlobalSection
	GlobalSection(NestedProjects) = preSolution
		{1E2F4977-16A6-40BF-8D6F-75B0C6EDC0AF} = {21A94A82-90F0-433A-9588-345BD4B2B798}
		{FCF2BE62-A6FC-40F4-B5D3-4A42ED2D95EC} = {21A94A82-90F0-433A-9588-345BD4B2B798}
		{95416FC3-D372-4106-ADFC-61C26B4A1839} = {21A94A82-90F0-433A-9588-345BD4B2B798}
		{DF42E7EF-5D53-4036-9314-3BBEE721D2E4} = {21A94A82-90F0-433A-9588-345BD4B2B798}
		{B989D681-CA97-4E0C-8A05-B03369C02FFB} = {AC24BEFF-A689-4803-B016-C37633013D89}
		{205DADD3-1F67-44A9-832E-393E8E3FACDD} = {21A94A82-90F0-433A-9588-345BD4B2B798}
		{68C1F905-7E45-4182-A259-BEB2874407CD} = {205DADD3-1F67-44A9-832E-393E8E3FACDD}
		{1C3E89BA-88B8-484D-9914-ADE279B2C0BB} = {205DADD3-1F67-44A9-832E-393E8E3FACDD}
	EndGlobalSection
EndGlobal
